// !$*UTF8*$!
{
	archiveVersion = 1;
	classes = {
	};
	objectVersion = 56;
	objects = {

/* Begin PBXBuildFile section */
		88276AC82AE31F2A006E31A9 /* ExpenseView.swift in Sources */ = {isa = PBXBuildFile; fileRef = 88276AC72AE31F2A006E31A9 /* ExpenseView.swift */; };
		88276ACA2AE31F39006E31A9 /* CategoriesView.swift in Sources */ = {isa = PBXBuildFile; fileRef = 88276AC92AE31F39006E31A9 /* CategoriesView.swift */; };
		88276ACC2AE32492006E31A9 /* GroupedExpense.swift in Sources */ = {isa = PBXBuildFile; fileRef = 88276ACB2AE32492006E31A9 /* GroupedExpense.swift */; };
		88B113622ADFA41D00F6E48F /* ExpenseTrackerApp.swift in Sources */ = {isa = PBXBuildFile; fileRef = 88B113612ADFA41D00F6E48F /* ExpenseTrackerApp.swift */; };
		88B113642ADFA41D00F6E48F /* ContentView.swift in Sources */ = {isa = PBXBuildFile; fileRef = 88B113632ADFA41D00F6E48F /* ContentView.swift */; };
		88B113662ADFA42100F6E48F /* Assets.xcassets in Resources */ = {isa = PBXBuildFile; fileRef = 88B113652ADFA42100F6E48F /* Assets.xcassets */; };
		88B113692ADFA42100F6E48F /* Preview Assets.xcassets in Resources */ = {isa = PBXBuildFile; fileRef = 88B113682ADFA42100F6E48F /* Preview Assets.xcassets */; };
		88B113732ADFA42100F6E48F /* ExpenseTrackerTests.swift in Sources */ = {isa = PBXBuildFile; fileRef = 88B113722ADFA42100F6E48F /* ExpenseTrackerTests.swift */; };
		88B1137D2ADFA42100F6E48F /* ExpenseTrackerUITests.swift in Sources */ = {isa = PBXBuildFile; fileRef = 88B1137C2ADFA42100F6E48F /* ExpenseTrackerUITests.swift */; };
		88B1137F2ADFA42100F6E48F /* ExpenseTrackerUITestsLaunchTests.swift in Sources */ = {isa = PBXBuildFile; fileRef = 88B1137E2ADFA42100F6E48F /* ExpenseTrackerUITestsLaunchTests.swift */; };
		88B1138F2ADFA46200F6E48F /* Expense.swift in Sources */ = {isa = PBXBuildFile; fileRef = 88B1138E2ADFA46200F6E48F /* Expense.swift */; };
		88B113912ADFA97800F6E48F /* Category.swift in Sources */ = {isa = PBXBuildFile; fileRef = 88B113902ADFA97800F6E48F /* Category.swift */; };
/* End PBXBuildFile section */

/* Begin PBXContainerItemProxy section */
		88B1136F2ADFA42100F6E48F /* PBXContainerItemProxy */ = {
			isa = PBXContainerItemProxy;
			containerPortal = 88B113562ADFA41D00F6E48F /* Project object */;
			proxyType = 1;
			remoteGlobalIDString = 88B1135D2ADFA41D00F6E48F;
			remoteInfo = ExpenseTracker;
		};
		88B113792ADFA42100F6E48F /* PBXContainerItemProxy */ = {
			isa = PBXContainerItemProxy;
			containerPortal = 88B113562ADFA41D00F6E48F /* Project object */;
			proxyType = 1;
			remoteGlobalIDString = 88B1135D2ADFA41D00F6E48F;
			remoteInfo = ExpenseTracker;
		};
/* End PBXContainerItemProxy section */

/* Begin PBXFileReference section */
		88276AC72AE31F2A006E31A9 /* ExpenseView.swift */ = {isa = PBXFileReference; lastKnownFileType = sourcecode.swift; path = ExpenseView.swift; sourceTree = "<group>"; };
		88276AC92AE31F39006E31A9 /* CategoriesView.swift */ = {isa = PBXFileReference; lastKnownFileType = sourcecode.swift; path = CategoriesView.swift; sourceTree = "<group>"; };
		88276ACB2AE32492006E31A9 /* GroupedExpense.swift */ = {isa = PBXFileReference; lastKnownFileType = sourcecode.swift; path = GroupedExpense.swift; sourceTree = "<group>"; };
		88B1135E2ADFA41D00F6E48F /* ExpenseTracker.app */ = {isa = PBXFileReference; explicitFileType = wrapper.application; includeInIndex = 0; path = ExpenseTracker.app; sourceTree = BUILT_PRODUCTS_DIR; };
		88B113612ADFA41D00F6E48F /* ExpenseTrackerApp.swift */ = {isa = PBXFileReference; lastKnownFileType = sourcecode.swift; path = ExpenseTrackerApp.swift; sourceTree = "<group>"; };
		88B113632ADFA41D00F6E48F /* ContentView.swift */ = {isa = PBXFileReference; lastKnownFileType = sourcecode.swift; path = ContentView.swift; sourceTree = "<group>"; };
		88B113652ADFA42100F6E48F /* Assets.xcassets */ = {isa = PBXFileReference; lastKnownFileType = folder.assetcatalog; path = Assets.xcassets; sourceTree = "<group>"; };
		88B113682ADFA42100F6E48F /* Preview Assets.xcassets */ = {isa = PBXFileReference; lastKnownFileType = folder.assetcatalog; path = "Preview Assets.xcassets"; sourceTree = "<group>"; };
		88B1136E2ADFA42100F6E48F /* ExpenseTrackerTests.xctest */ = {isa = PBXFileReference; explicitFileType = wrapper.cfbundle; includeInIndex = 0; path = ExpenseTrackerTests.xctest; sourceTree = BUILT_PRODUCTS_DIR; };
		88B113722ADFA42100F6E48F /* ExpenseTrackerTests.swift */ = {isa = PBXFileReference; lastKnownFileType = sourcecode.swift; path = ExpenseTrackerTests.swift; sourceTree = "<group>"; };
		88B113782ADFA42100F6E48F /* ExpenseTrackerUITests.xctest */ = {isa = PBXFileReference; explicitFileType = wrapper.cfbundle; includeInIndex = 0; path = ExpenseTrackerUITests.xctest; sourceTree = BUILT_PRODUCTS_DIR; };
		88B1137C2ADFA42100F6E48F /* ExpenseTrackerUITests.swift */ = {isa = PBXFileReference; lastKnownFileType = sourcecode.swift; path = ExpenseTrackerUITests.swift; sourceTree = "<group>"; };
		88B1137E2ADFA42100F6E48F /* ExpenseTrackerUITestsLaunchTests.swift */ = {isa = PBXFileReference; lastKnownFileType = sourcecode.swift; path = ExpenseTrackerUITestsLaunchTests.swift; sourceTree = "<group>"; };
		88B1138E2ADFA46200F6E48F /* Expense.swift */ = {isa = PBXFileReference; lastKnownFileType = sourcecode.swift; path = Expense.swift; sourceTree = "<group>"; };
		88B113902ADFA97800F6E48F /* Category.swift */ = {isa = PBXFileReference; lastKnownFileType = sourcecode.swift; path = Category.swift; sourceTree = "<group>"; };
/* End PBXFileReference section */

/* Begin PBXFrameworksBuildPhase section */
		88B1135B2ADFA41D00F6E48F /* Frameworks */ = {
			isa = PBXFrameworksBuildPhase;
			buildActionMask = 2147483647;
			files = (
			);
			runOnlyForDeploymentPostprocessing = 0;
		};
		88B1136B2ADFA42100F6E48F /* Frameworks */ = {
			isa = PBXFrameworksBuildPhase;
			buildActionMask = 2147483647;
			files = (
			);
			runOnlyForDeploymentPostprocessing = 0;
		};
		88B113752ADFA42100F6E48F /* Frameworks */ = {
			isa = PBXFrameworksBuildPhase;
			buildActionMask = 2147483647;
			files = (
			);
			runOnlyForDeploymentPostprocessing = 0;
		};
/* End PBXFrameworksBuildPhase section */

/* Begin PBXGroup section */
		88B113552ADFA41D00F6E48F = {
			isa = PBXGroup;
			children = (
				88B113602ADFA41D00F6E48F /* ExpenseTracker */,
				88B113712ADFA42100F6E48F /* ExpenseTrackerTests */,
				88B1137B2ADFA42100F6E48F /* ExpenseTrackerUITests */,
				88B1135F2ADFA41D00F6E48F /* Products */,
			);
			sourceTree = "<group>";
		};
		88B1135F2ADFA41D00F6E48F /* Products */ = {
			isa = PBXGroup;
			children = (
				88B1135E2ADFA41D00F6E48F /* ExpenseTracker.app */,
				88B1136E2ADFA42100F6E48F /* ExpenseTrackerTests.xctest */,
				88B113782ADFA42100F6E48F /* ExpenseTrackerUITests.xctest */,
			);
			name = Products;
			sourceTree = "<group>";
		};
		88B113602ADFA41D00F6E48F /* ExpenseTracker */ = {
			isa = PBXGroup;
			children = (
				88B1138D2ADFA45400F6E48F /* Model */,
				88B1138C2ADFA44A00F6E48F /* View */,
				88B113612ADFA41D00F6E48F /* ExpenseTrackerApp.swift */,
				88B113632ADFA41D00F6E48F /* ContentView.swift */,
				88B113652ADFA42100F6E48F /* Assets.xcassets */,
				88B113672ADFA42100F6E48F /* Preview Content */,
			);
			path = ExpenseTracker;
			sourceTree = "<group>";
		};
		88B113672ADFA42100F6E48F /* Preview Content */ = {
			isa = PBXGroup;
			children = (
				88B113682ADFA42100F6E48F /* Preview Assets.xcassets */,
			);
			path = "Preview Content";
			sourceTree = "<group>";
		};
		88B113712ADFA42100F6E48F /* ExpenseTrackerTests */ = {
			isa = PBXGroup;
			children = (
				88B113722ADFA42100F6E48F /* ExpenseTrackerTests.swift */,
			);
			path = ExpenseTrackerTests;
			sourceTree = "<group>";
		};
		88B1137B2ADFA42100F6E48F /* ExpenseTrackerUITests */ = {
			isa = PBXGroup;
			children = (
				88B1137C2ADFA42100F6E48F /* ExpenseTrackerUITests.swift */,
				88B1137E2ADFA42100F6E48F /* ExpenseTrackerUITestsLaunchTests.swift */,
			);
			path = ExpenseTrackerUITests;
			sourceTree = "<group>";
		};
		88B1138C2ADFA44A00F6E48F /* View */ = {
			isa = PBXGroup;
			children = (
				88276AC72AE31F2A006E31A9 /* ExpenseView.swift */,
				88276AC92AE31F39006E31A9 /* CategoriesView.swift */,
			);
			path = View;
			sourceTree = "<group>";
		};
		88B1138D2ADFA45400F6E48F /* Model */ = {
			isa = PBXGroup;
			children = (
				88B1138E2ADFA46200F6E48F /* Expense.swift */,
				88B113902ADFA97800F6E48F /* Category.swift */,
				88276ACB2AE32492006E31A9 /* GroupedExpense.swift */,
			);
			path = Model;
			sourceTree = "<group>";
		};
/* End PBXGroup section */

/* Begin PBXNativeTarget section */
		88B1135D2ADFA41D00F6E48F /* ExpenseTracker */ = {
			isa = PBXNativeTarget;
			buildConfigurationList = 88B113822ADFA42100F6E48F /* Build configuration list for PBXNativeTarget "ExpenseTracker" */;
			buildPhases = (
				88B1135A2ADFA41D00F6E48F /* Sources */,
				88B1135B2ADFA41D00F6E48F /* Frameworks */,
				88B1135C2ADFA41D00F6E48F /* Resources */,
			);
			buildRules = (
			);
			dependencies = (
			);
			name = ExpenseTracker;
			productName = ExpenseTracker;
			productReference = 88B1135E2ADFA41D00F6E48F /* ExpenseTracker.app */;
			productType = "com.apple.product-type.application";
		};
		88B1136D2ADFA42100F6E48F /* ExpenseTrackerTests */ = {
			isa = PBXNativeTarget;
			buildConfigurationList = 88B113852ADFA42100F6E48F /* Build configuration list for PBXNativeTarget "ExpenseTrackerTests" */;
			buildPhases = (
				88B1136A2ADFA42100F6E48F /* Sources */,
				88B1136B2ADFA42100F6E48F /* Frameworks */,
				88B1136C2ADFA42100F6E48F /* Resources */,
			);
			buildRules = (
			);
			dependencies = (
				88B113702ADFA42100F6E48F /* PBXTargetDependency */,
			);
			name = ExpenseTrackerTests;
			productName = ExpenseTrackerTests;
			productReference = 88B1136E2ADFA42100F6E48F /* ExpenseTrackerTests.xctest */;
			productType = "com.apple.product-type.bundle.unit-test";
		};
		88B113772ADFA42100F6E48F /* ExpenseTrackerUITests */ = {
			isa = PBXNativeTarget;
			buildConfigurationList = 88B113882ADFA42100F6E48F /* Build configuration list for PBXNativeTarget "ExpenseTrackerUITests" */;
			buildPhases = (
				88B113742ADFA42100F6E48F /* Sources */,
				88B113752ADFA42100F6E48F /* Frameworks */,
				88B113762ADFA42100F6E48F /* Resources */,
			);
			buildRules = (
			);
			dependencies = (
				88B1137A2ADFA42100F6E48F /* PBXTargetDependency */,
			);
			name = ExpenseTrackerUITests;
			productName = ExpenseTrackerUITests;
			productReference = 88B113782ADFA42100F6E48F /* ExpenseTrackerUITests.xctest */;
			productType = "com.apple.product-type.bundle.ui-testing";
		};
/* End PBXNativeTarget section */

/* Begin PBXProject section */
		88B113562ADFA41D00F6E48F /* Project object */ = {
			isa = PBXProject;
			attributes = {
				BuildIndependentTargetsInParallel = 1;
				LastSwiftUpdateCheck = 1430;
				LastUpgradeCheck = 1510;
				TargetAttributes = {
					88B1135D2ADFA41D00F6E48F = {
						CreatedOnToolsVersion = 14.3;
					};
					88B1136D2ADFA42100F6E48F = {
						CreatedOnToolsVersion = 14.3;
						TestTargetID = 88B1135D2ADFA41D00F6E48F;
					};
					88B113772ADFA42100F6E48F = {
						CreatedOnToolsVersion = 14.3;
						TestTargetID = 88B1135D2ADFA41D00F6E48F;
					};
				};
			};
			buildConfigurationList = 88B113592ADFA41D00F6E48F /* Build configuration list for PBXProject "ExpenseTracker" */;
			compatibilityVersion = "Xcode 14.0";
			developmentRegion = en;
			hasScannedForEncodings = 0;
			knownRegions = (
				en,
				Base,
			);
			mainGroup = 88B113552ADFA41D00F6E48F;
			productRefGroup = 88B1135F2ADFA41D00F6E48F /* Products */;
			projectDirPath = "";
			projectRoot = "";
			targets = (
				88B1135D2ADFA41D00F6E48F /* ExpenseTracker */,
				88B1136D2ADFA42100F6E48F /* ExpenseTrackerTests */,
				88B113772ADFA42100F6E48F /* ExpenseTrackerUITests */,
			);
		};
/* End PBXProject section */

/* Begin PBXResourcesBuildPhase section */
		88B1135C2ADFA41D00F6E48F /* Resources */ = {
			isa = PBXResourcesBuildPhase;
			buildActionMask = 2147483647;
			files = (
				88B113692ADFA42100F6E48F /* Preview Assets.xcassets in Resources */,
				88B113662ADFA42100F6E48F /* Assets.xcassets in Resources */,
			);
			runOnlyForDeploymentPostprocessing = 0;
		};
		88B1136C2ADFA42100F6E48F /* Resources */ = {
			isa = PBXResourcesBuildPhase;
			buildActionMask = 2147483647;
			files = (
			);
			runOnlyForDeploymentPostprocessing = 0;
		};
		88B113762ADFA42100F6E48F /* Resources */ = {
			isa = PBXResourcesBuildPhase;
			buildActionMask = 2147483647;
			files = (
			);
			runOnlyForDeploymentPostprocessing = 0;
		};
/* End PBXResourcesBuildPhase section */

/* Begin PBXSourcesBuildPhase section */
		88B1135A2ADFA41D00F6E48F /* Sources */ = {
			isa = PBXSourcesBuildPhase;
			buildActionMask = 2147483647;
			files = (
				88276AC82AE31F2A006E31A9 /* ExpenseView.swift in Sources */,
				88B1138F2ADFA46200F6E48F /* Expense.swift in Sources */,
				88276ACC2AE32492006E31A9 /* GroupedExpense.swift in Sources */,
				88276ACA2AE31F39006E31A9 /* CategoriesView.swift in Sources */,
				88B113642ADFA41D00F6E48F /* ContentView.swift in Sources */,
				88B113622ADFA41D00F6E48F /* ExpenseTrackerApp.swift in Sources */,
				88B113912ADFA97800F6E48F /* Category.swift in Sources */,
			);
			runOnlyForDeploymentPostprocessing = 0;
		};
		88B1136A2ADFA42100F6E48F /* Sources */ = {
			isa = PBXSourcesBuildPhase;
			buildActionMask = 2147483647;
			files = (
				88B113732ADFA42100F6E48F /* ExpenseTrackerTests.swift in Sources */,
			);
			runOnlyForDeploymentPostprocessing = 0;
		};
		88B113742ADFA42100F6E48F /* Sources */ = {
			isa = PBXSourcesBuildPhase;
			buildActionMask = 2147483647;
			files = (
				88B1137F2ADFA42100F6E48F /* ExpenseTrackerUITestsLaunchTests.swift in Sources */,
				88B1137D2ADFA42100F6E48F /* ExpenseTrackerUITests.swift in Sources */,
			);
			runOnlyForDeploymentPostprocessing = 0;
		};
/* End PBXSourcesBuildPhase section */

/* Begin PBXTargetDependency section */
		88B113702ADFA42100F6E48F /* PBXTargetDependency */ = {
			isa = PBXTargetDependency;
			target = 88B1135D2ADFA41D00F6E48F /* ExpenseTracker */;
			targetProxy = 88B1136F2ADFA42100F6E48F /* PBXContainerItemProxy */;
		};
		88B1137A2ADFA42100F6E48F /* PBXTargetDependency */ = {
			isa = PBXTargetDependency;
			target = 88B1135D2ADFA41D00F6E48F /* ExpenseTracker */;
			targetProxy = 88B113792ADFA42100F6E48F /* PBXContainerItemProxy */;
		};
/* End PBXTargetDependency section */

/* Begin XCBuildConfiguration section */
		88B113802ADFA42100F6E48F /* Debug */ = {
			isa = XCBuildConfiguration;
			buildSettings = {
				ALWAYS_SEARCH_USER_PATHS = NO;
				CLANG_ANALYZER_NONNULL = YES;
				CLANG_ANALYZER_NUMBER_OBJECT_CONVERSION = YES_AGGRESSIVE;
				CLANG_CXX_LANGUAGE_STANDARD = "gnu++20";
				CLANG_ENABLE_MODULES = YES;
				CLANG_ENABLE_OBJC_ARC = YES;
				CLANG_ENABLE_OBJC_WEAK = YES;
				CLANG_WARN_BLOCK_CAPTURE_AUTORELEASING = YES;
				CLANG_WARN_BOOL_CONVERSION = YES;
				CLANG_WARN_COMMA = YES;
				CLANG_WARN_CONSTANT_CONVERSION = YES;
				CLANG_WARN_DEPRECATED_OBJC_IMPLEMENTATIONS = YES;
				CLANG_WARN_DIRECT_OBJC_ISA_USAGE = YES_ERROR;
				CLANG_WARN_DOCUMENTATION_COMMENTS = YES;
				CLANG_WARN_EMPTY_BODY = YES;
				CLANG_WARN_ENUM_CONVERSION = YES;
				CLANG_WARN_INFINITE_RECURSION = YES;
				CLANG_WARN_INT_CONVERSION = YES;
				CLANG_WARN_NON_LITERAL_NULL_CONVERSION = YES;
				CLANG_WARN_OBJC_IMPLICIT_RETAIN_SELF = YES;
				CLANG_WARN_OBJC_LITERAL_CONVERSION = YES;
				CLANG_WARN_OBJC_ROOT_CLASS = YES_ERROR;
				CLANG_WARN_QUOTED_INCLUDE_IN_FRAMEWORK_HEADER = YES;
				CLANG_WARN_RANGE_LOOP_ANALYSIS = YES;
				CLANG_WARN_STRICT_PROTOTYPES = YES;
				CLANG_WARN_SUSPICIOUS_MOVE = YES;
				CLANG_WARN_UNGUARDED_AVAILABILITY = YES_AGGRESSIVE;
				CLANG_WARN_UNREACHABLE_CODE = YES;
				CLANG_WARN__DUPLICATE_METHOD_MATCH = YES;
				COPY_PHASE_STRIP = NO;
				DEBUG_INFORMATION_FORMAT = dwarf;
				ENABLE_STRICT_OBJC_MSGSEND = YES;
				ENABLE_TESTABILITY = YES;
				ENABLE_USER_SCRIPT_SANDBOXING = YES;
				GCC_C_LANGUAGE_STANDARD = gnu11;
				GCC_DYNAMIC_NO_PIC = NO;
				GCC_NO_COMMON_BLOCKS = YES;
				GCC_OPTIMIZATION_LEVEL = 0;
				GCC_PREPROCESSOR_DEFINITIONS = (
					"DEBUG=1",
					"$(inherited)",
				);
				GCC_WARN_64_TO_32_BIT_CONVERSION = YES;
				GCC_WARN_ABOUT_RETURN_TYPE = YES_ERROR;
				GCC_WARN_UNDECLARED_SELECTOR = YES;
				GCC_WARN_UNINITIALIZED_AUTOS = YES_AGGRESSIVE;
				GCC_WARN_UNUSED_FUNCTION = YES;
				GCC_WARN_UNUSED_VARIABLE = YES;
				IPHONEOS_DEPLOYMENT_TARGET = 16.4;
				MTL_ENABLE_DEBUG_INFO = INCLUDE_SOURCE;
				MTL_FAST_MATH = YES;
				ONLY_ACTIVE_ARCH = YES;
				SDKROOT = iphoneos;
				SWIFT_ACTIVE_COMPILATION_CONDITIONS = DEBUG;
				SWIFT_OPTIMIZATION_LEVEL = "-Onone";
			};
			name = Debug;
		};
		88B113812ADFA42100F6E48F /* Release */ = {
			isa = XCBuildConfiguration;
			buildSettings = {
				ALWAYS_SEARCH_USER_PATHS = NO;
				CLANG_ANALYZER_NONNULL = YES;
				CLANG_ANALYZER_NUMBER_OBJECT_CONVERSION = YES_AGGRESSIVE;
				CLANG_CXX_LANGUAGE_STANDARD = "gnu++20";
				CLANG_ENABLE_MODULES = YES;
				CLANG_ENABLE_OBJC_ARC = YES;
				CLANG_ENABLE_OBJC_WEAK = YES;
				CLANG_WARN_BLOCK_CAPTURE_AUTORELEASING = YES;
				CLANG_WARN_BOOL_CONVERSION = YES;
				CLANG_WARN_COMMA = YES;
				CLANG_WARN_CONSTANT_CONVERSION = YES;
				CLANG_WARN_DEPRECATED_OBJC_IMPLEMENTATIONS = YES;
				CLANG_WARN_DIRECT_OBJC_ISA_USAGE = YES_ERROR;
				CLANG_WARN_DOCUMENTATION_COMMENTS = YES;
				CLANG_WARN_EMPTY_BODY = YES;
				CLANG_WARN_ENUM_CONVERSION = YES;
				CLANG_WARN_INFINITE_RECURSION = YES;
				CLANG_WARN_INT_CONVERSION = YES;
				CLANG_WARN_NON_LITERAL_NULL_CONVERSION = YES;
				CLANG_WARN_OBJC_IMPLICIT_RETAIN_SELF = YES;
				CLANG_WARN_OBJC_LITERAL_CONVERSION = YES;
				CLANG_WARN_OBJC_ROOT_CLASS = YES_ERROR;
				CLANG_WARN_QUOTED_INCLUDE_IN_FRAMEWORK_HEADER = YES;
				CLANG_WARN_RANGE_LOOP_ANALYSIS = YES;
				CLANG_WARN_STRICT_PROTOTYPES = YES;
				CLANG_WARN_SUSPICIOUS_MOVE = YES;
				CLANG_WARN_UNGUARDED_AVAILABILITY = YES_AGGRESSIVE;
				CLANG_WARN_UNREACHABLE_CODE = YES;
				CLANG_WARN__DUPLICATE_METHOD_MATCH = YES;
				COPY_PHASE_STRIP = NO;
				DEBUG_INFORMATION_FORMAT = "dwarf-with-dsym";
				ENABLE_NS_ASSERTIONS = NO;
				ENABLE_STRICT_OBJC_MSGSEND = YES;
				ENABLE_USER_SCRIPT_SANDBOXING = YES;
				GCC_C_LANGUAGE_STANDARD = gnu11;
				GCC_NO_COMMON_BLOCKS = YES;
				GCC_WARN_64_TO_32_BIT_CONVERSION = YES;
				GCC_WARN_ABOUT_RETURN_TYPE = YES_ERROR;
				GCC_WARN_UNDECLARED_SELECTOR = YES;
				GCC_WARN_UNINITIALIZED_AUTOS = YES_AGGRESSIVE;
				GCC_WARN_UNUSED_FUNCTION = YES;
				GCC_WARN_UNUSED_VARIABLE = YES;
				IPHONEOS_DEPLOYMENT_TARGET = 16.4;
				MTL_ENABLE_DEBUG_INFO = NO;
				MTL_FAST_MATH = YES;
				SDKROOT = iphoneos;
				SWIFT_COMPILATION_MODE = wholemodule;
				SWIFT_OPTIMIZATION_LEVEL = "-O";
				VALIDATE_PRODUCT = YES;
			};
			name = Release;
		};
		88B113832ADFA42100F6E48F /* Debug */ = {
			isa = XCBuildConfiguration;
			buildSettings = {
				ASSETCATALOG_COMPILER_APPICON_NAME = AppIcon;
				ASSETCATALOG_COMPILER_GLOBAL_ACCENT_COLOR_NAME = AccentColor;
				CODE_SIGN_STYLE = Automatic;
				CURRENT_PROJECT_VERSION = 1;
				DEVELOPMENT_ASSET_PATHS = "\"ExpenseTracker/Preview Content\"";
				DEVELOPMENT_TEAM = U4R2DVFMW2;
				ENABLE_PREVIEWS = YES;
				GENERATE_INFOPLIST_FILE = YES;
				INFOPLIST_KEY_UIApplicationSceneManifest_Generation = YES;
				INFOPLIST_KEY_UIApplicationSupportsIndirectInputEvents = YES;
				INFOPLIST_KEY_UILaunchScreen_Generation = YES;
				INFOPLIST_KEY_UISupportedInterfaceOrientations_iPad = "UIInterfaceOrientationPortrait UIInterfaceOrientationPortraitUpsideDown UIInterfaceOrientationLandscapeLeft UIInterfaceOrientationLandscapeRight";
				INFOPLIST_KEY_UISupportedInterfaceOrientations_iPhone = "UIInterfaceOrientationPortrait UIInterfaceOrientationLandscapeLeft UIInterfaceOrientationLandscapeRight";
				IPHONEOS_DEPLOYMENT_TARGET = 17.0;
				LD_RUNPATH_SEARCH_PATHS = (
					"$(inherited)",
					"@executable_path/Frameworks",
				);
				MARKETING_VERSION = 1.0;
				PRODUCT_BUNDLE_IDENTIFIER = ExpenseTracker.ExpenseTracker;
				PRODUCT_NAME = "$(TARGET_NAME)";
				SWIFT_EMIT_LOC_STRINGS = YES;
				SWIFT_VERSION = 5.0;
				TARGETED_DEVICE_FAMILY = "1,2";
			};
			name = Debug;
		};
		88B113842ADFA42100F6E48F /* Release */ = {
			isa = XCBuildConfiguration;
			buildSettings = {
				ASSETCATALOG_COMPILER_APPICON_NAME = AppIcon;
				ASSETCATALOG_COMPILER_GLOBAL_ACCENT_COLOR_NAME = AccentColor;
				CODE_SIGN_STYLE = Automatic;
				CURRENT_PROJECT_VERSION = 1;
				DEVELOPMENT_ASSET_PATHS = "\"ExpenseTracker/Preview Content\"";
				DEVELOPMENT_TEAM = U4R2DVFMW2;
				ENABLE_PREVIEWS = YES;
				GENERATE_INFOPLIST_FILE = YES;
				INFOPLIST_KEY_UIApplicationSceneManifest_Generation = YES;
				INFOPLIST_KEY_UIApplicationSupportsIndirectInputEvents = YES;
				INFOPLIST_KEY_UILaunchScreen_Generation = YES;
				INFOPLIST_KEY_UISupportedInterfaceOrientations_iPad = "UIInterfaceOrientationPortrait UIInterfaceOrientationPortraitUpsideDown UIInterfaceOrientationLandscapeLeft UIInterfaceOrientationLandscapeRight";
				INFOPLIST_KEY_UISupportedInterfaceOrientations_iPhone = "UIInterfaceOrientationPortrait UIInterfaceOrientationLandscapeLeft UIInterfaceOrientationLandscapeRight";
				IPHONEOS_DEPLOYMENT_TARGET = 17.0;
				LD_RUNPATH_SEARCH_PATHS = (
					"$(inherited)",
					"@executable_path/Frameworks",
				);
				MARKETING_VERSION = 1.0;
				PRODUCT_BUNDLE_IDENTIFIER = ExpenseTracker.ExpenseTracker;
				PRODUCT_NAME = "$(TARGET_NAME)";
				SWIFT_EMIT_LOC_STRINGS = YES;
				SWIFT_VERSION = 5.0;
				TARGETED_DEVICE_FAMILY = "1,2";
			};
			name = Release;
		};
		88B113862ADFA42100F6E48F /* Debug */ = {
			isa = XCBuildConfiguration;
			buildSettings = {
				ALWAYS_EMBED_SWIFT_STANDARD_LIBRARIES = YES;
				BUNDLE_LOADER = "$(TEST_HOST)";
				CODE_SIGN_STYLE = Automatic;
				CURRENT_PROJECT_VERSION = 1;
				DEVELOPMENT_TEAM = U4R2DVFMW2;
				GENERATE_INFOPLIST_FILE = YES;
				IPHONEOS_DEPLOYMENT_TARGET = 16.4;
				MARKETING_VERSION = 1.0;
				PRODUCT_BUNDLE_IDENTIFIER = ExpenseTracker.ExpenseTrackerTests;
				PRODUCT_NAME = "$(TARGET_NAME)";
				SWIFT_EMIT_LOC_STRINGS = NO;
				SWIFT_VERSION = 5.0;
				TARGETED_DEVICE_FAMILY = "1,2";
				TEST_HOST = "$(BUILT_PRODUCTS_DIR)/ExpenseTracker.app/$(BUNDLE_EXECUTABLE_FOLDER_PATH)/ExpenseTracker";
			};
			name = Debug;
		};
		88B113872ADFA42100F6E48F /* Release */ = {
			isa = XCBuildConfiguration;
			buildSettings = {
				ALWAYS_EMBED_SWIFT_STANDARD_LIBRARIES = YES;
				BUNDLE_LOADER = "$(TEST_HOST)";
				CODE_SIGN_STYLE = Automatic;
				CURRENT_PROJECT_VERSION = 1;
				DEVELOPMENT_TEAM = U4R2DVFMW2;
				GENERATE_INFOPLIST_FILE = YES;
				IPHONEOS_DEPLOYMENT_TARGET = 16.4;
				MARKETING_VERSION = 1.0;
				PRODUCT_BUNDLE_IDENTIFIER = ExpenseTracker.ExpenseTrackerTests;
				PRODUCT_NAME = "$(TARGET_NAME)";
				SWIFT_EMIT_LOC_STRINGS = NO;
				SWIFT_VERSION = 5.0;
				TARGETED_DEVICE_FAMILY = "1,2";
				TEST_HOST = "$(BUILT_PRODUCTS_DIR)/ExpenseTracker.app/$(BUNDLE_EXECUTABLE_FOLDER_PATH)/ExpenseTracker";
			};
			name = Release;
		};
		88B113892ADFA42100F6E48F /* Debug */ = {
			isa = XCBuildConfiguration;
			buildSettings = {
				ALWAYS_EMBED_SWIFT_STANDARD_LIBRARIES = YES;
				CODE_SIGN_STYLE = Automatic;
				CURRENT_PROJECT_VERSION = 1;
				DEVELOPMENT_TEAM = U4R2DVFMW2;
				GENERATE_INFOPLIST_FILE = YES;
				MARKETING_VERSION = 1.0;
				PRODUCT_BUNDLE_IDENTIFIER = ExpenseTracker.ExpenseTrackerUITests;
				PRODUCT_NAME = "$(TARGET_NAME)";
				SWIFT_EMIT_LOC_STRINGS = NO;
				SWIFT_VERSION = 5.0;
				TARGETED_DEVICE_FAMILY = "1,2";
				TEST_TARGET_NAME = ExpenseTracker;
			};
			name = Debug;
		};
		88B1138A2ADFA42100F6E48F /* Release */ = {
			isa = XCBuildConfiguration;
			buildSettings = {
				ALWAYS_EMBED_SWIFT_STANDARD_LIBRARIES = YES;
				CODE_SIGN_STYLE = Automatic;
				CURRENT_PROJECT_VERSION = 1;
				DEVELOPMENT_TEAM = U4R2DVFMW2;
				GENERATE_INFOPLIST_FILE = YES;
				MARKETING_VERSION = 1.0;
				PRODUCT_BUNDLE_IDENTIFIER = ExpenseTracker.ExpenseTrackerUITests;
				PRODUCT_NAME = "$(TARGET_NAME)";
				SWIFT_EMIT_LOC_STRINGS = NO;
				SWIFT_VERSION = 5.0;
				TARGETED_DEVICE_FAMILY = "1,2";
				TEST_TARGET_NAME = ExpenseTracker;
			};
			name = Release;
		};
/* End XCBuildConfiguration section */

/* Begin XCConfigurationList section */
		88B113592ADFA41D00F6E48F /* Build configuration list for PBXProject "ExpenseTracker" */ = {
			isa = XCConfigurationList;
			buildConfigurations = (
				88B113802ADFA42100F6E48F /* Debug */,
				88B113812ADFA42100F6E48F /* Release */,
			);
			defaultConfigurationIsVisible = 0;
			defaultConfigurationName = Release;
		};
		88B113822ADFA42100F6E48F /* Build configuration list for PBXNativeTarget "ExpenseTracker" */ = {
			isa = XCConfigurationList;
			buildConfigurations = (
				88B113832ADFA42100F6E48F /* Debug */,
				88B113842ADFA42100F6E48F /* Release */,
			);
			defaultConfigurationIsVisible = 0;
			defaultConfigurationName = Release;
		};
		88B113852ADFA42100F6E48F /* Build configuration list for PBXNativeTarget "ExpenseTrackerTests" */ = {
			isa = XCConfigurationList;
			buildConfigurations = (
				88B113862ADFA42100F6E48F /* Debug */,
				88B113872ADFA42100F6E48F /* Release */,
			);
			defaultConfigurationIsVisible = 0;
			defaultConfigurationName = Release;
		};
		88B113882ADFA42100F6E48F /* Build configuration list for PBXNativeTarget "ExpenseTrackerUITests" */ = {
			isa = XCConfigurationList;
			buildConfigurations = (
				88B113892ADFA42100F6E48F /* Debug */,
				88B1138A2ADFA42100F6E48F /* Release */,
			);
			defaultConfigurationIsVisible = 0;
			defaultConfigurationName = Release;
		};
/* End XCConfigurationList section */
	};
	rootObject = 88B113562ADFA41D00F6E48F /* Project object */;
}
